
Microsoft Visual Studio Solution File, Format Version 12.00
# Visual Studio Version 17
VisualStudioVersion = 17.0.32112.339
MinimumVisualStudioVersion = 10.0.40219.1
Project("{FAE04EC0-301F-11D3-BF4B-00C04F79EFBC}") = "RevitAPITraining_lab3.4", "RevitAPITraining_lab3.4\RevitAPITraining_lab3.4.csproj", "{B9171732-80DB-4DDE-9208-8AF06F8AB68E}"
EndProject
Global
	GlobalSection(SolutionConfigurationPlatforms) = preSolution
		Debug|Any CPU = Debug|Any CPU
		Release|Any CPU = Release|Any CPU
	EndGlobalSection
	GlobalSection(ProjectConfigurationPlatforms) = postSolution
		{B9171732-80DB-4DDE-9208-8AF06F8AB68E}.Debug|Any CPU.ActiveCfg = Debug|Any CPU
		{B9171732-80DB-4DDE-9208-8AF06F8AB68E}.Debug|Any CPU.Build.0 = Debug|Any CPU
		{B9171732-80DB-4DDE-9208-8AF06F8AB68E}.Release|Any CPU.ActiveCfg = Release|Any CPU
		{B9171732-80DB-4DDE-9208-8AF06F8AB68E}.Release|Any CPU.Build.0 = Release|Any CPU
	EndGlobalSection
	GlobalSection(SolutionProperties) = preSolution
		HideSolutionNode = FALSE
	EndGlobalSection
	GlobalSection(ExtensibilityGlobals) = postSolution
		SolutionGuid = {82DF5379-CB73-4A80-B818-45D24607D055}
	EndGlobalSection
EndGlobal
